// !$*UTF8*$!
{
	archiveVersion = 1;
	classes = {
	};
	objectVersion = 50;
	objects = {

/* Begin PBXBuildFile section */
		336F2EC02619E6260058930B /* AppDelegate.swift in Sources */ = {isa = PBXBuildFile; fileRef = 336F2EBF2619E6260058930B /* AppDelegate.swift */; };
		336F2EC22619E6260058930B /* SceneDelegate.swift in Sources */ = {isa = PBXBuildFile; fileRef = 336F2EC12619E6260058930B /* SceneDelegate.swift */; };
		336F2EC42619E6260058930B /* ViewController.swift in Sources */ = {isa = PBXBuildFile; fileRef = 336F2EC32619E6260058930B /* ViewController.swift */; };
		336F2EC72619E6260058930B /* Main.storyboard in Resources */ = {isa = PBXBuildFile; fileRef = 336F2EC52619E6260058930B /* Main.storyboard */; };
		336F2ECA2619E6260058930B /* EssentialLearnApp.xcdatamodeld in Sources */ = {isa = PBXBuildFile; fileRef = 336F2EC82619E6260058930B /* EssentialLearnApp.xcdatamodeld */; };
		336F2ECC2619E6270058930B /* Assets.xcassets in Resources */ = {isa = PBXBuildFile; fileRef = 336F2ECB2619E6270058930B /* Assets.xcassets */; };
		336F2ECF2619E6270058930B /* LaunchScreen.storyboard in Resources */ = {isa = PBXBuildFile; fileRef = 336F2ECD2619E6270058930B /* LaunchScreen.storyboard */; };
		336F2EDA2619E6280058930B /* EssentialLearnAppTests.swift in Sources */ = {isa = PBXBuildFile; fileRef = 336F2ED92619E6280058930B /* EssentialLearnAppTests.swift */; };
		336F2EE52619E6280058930B /* EssentialLearnAppUITests.swift in Sources */ = {isa = PBXBuildFile; fileRef = 336F2EE42619E6280058930B /* EssentialLearnAppUITests.swift */; };
/* End PBXBuildFile section */

/* Begin PBXContainerItemProxy section */
		336F2ED62619E6280058930B /* PBXContainerItemProxy */ = {
			isa = PBXContainerItemProxy;
			containerPortal = 336F2EB42619E6260058930B /* Project object */;
			proxyType = 1;
			remoteGlobalIDString = 336F2EBB2619E6260058930B;
			remoteInfo = EssentialLearnApp;
		};
		336F2EE12619E6280058930B /* PBXContainerItemProxy */ = {
			isa = PBXContainerItemProxy;
			containerPortal = 336F2EB42619E6260058930B /* Project object */;
			proxyType = 1;
			remoteGlobalIDString = 336F2EBB2619E6260058930B;
			remoteInfo = EssentialLearnApp;
		};
/* End PBXContainerItemProxy section */

/* Begin PBXFileReference section */
		336F2EBC2619E6260058930B /* EssentialLearnApp.app */ = {isa = PBXFileReference; explicitFileType = wrapper.application; includeInIndex = 0; path = EssentialLearnApp.app; sourceTree = BUILT_PRODUCTS_DIR; };
		336F2EBF2619E6260058930B /* AppDelegate.swift */ = {isa = PBXFileReference; lastKnownFileType = sourcecode.swift; path = AppDelegate.swift; sourceTree = "<group>"; };
		336F2EC12619E6260058930B /* SceneDelegate.swift */ = {isa = PBXFileReference; lastKnownFileType = sourcecode.swift; path = SceneDelegate.swift; sourceTree = "<group>"; };
		336F2EC32619E6260058930B /* ViewController.swift */ = {isa = PBXFileReference; lastKnownFileType = sourcecode.swift; path = ViewController.swift; sourceTree = "<group>"; };
		336F2EC62619E6260058930B /* Base */ = {isa = PBXFileReference; lastKnownFileType = file.storyboard; name = Base; path = Base.lproj/Main.storyboard; sourceTree = "<group>"; };
		336F2EC92619E6260058930B /* EssentialLearnApp.xcdatamodel */ = {isa = PBXFileReference; lastKnownFileType = wrapper.xcdatamodel; path = EssentialLearnApp.xcdatamodel; sourceTree = "<group>"; };
		336F2ECB2619E6270058930B /* Assets.xcassets */ = {isa = PBXFileReference; lastKnownFileType = folder.assetcatalog; path = Assets.xcassets; sourceTree = "<group>"; };
		336F2ECE2619E6270058930B /* Base */ = {isa = PBXFileReference; lastKnownFileType = file.storyboard; name = Base; path = Base.lproj/LaunchScreen.storyboard; sourceTree = "<group>"; };
		336F2ED02619E6270058930B /* Info.plist */ = {isa = PBXFileReference; lastKnownFileType = text.plist.xml; path = Info.plist; sourceTree = "<group>"; };
		336F2ED52619E6280058930B /* EssentialLearnAppTests.xctest */ = {isa = PBXFileReference; explicitFileType = wrapper.cfbundle; includeInIndex = 0; path = EssentialLearnAppTests.xctest; sourceTree = BUILT_PRODUCTS_DIR; };
		336F2ED92619E6280058930B /* EssentialLearnAppTests.swift */ = {isa = PBXFileReference; lastKnownFileType = sourcecode.swift; path = EssentialLearnAppTests.swift; sourceTree = "<group>"; };
		336F2EDB2619E6280058930B /* Info.plist */ = {isa = PBXFileReference; lastKnownFileType = text.plist.xml; path = Info.plist; sourceTree = "<group>"; };
		336F2EE02619E6280058930B /* EssentialLearnAppUITests.xctest */ = {isa = PBXFileReference; explicitFileType = wrapper.cfbundle; includeInIndex = 0; path = EssentialLearnAppUITests.xctest; sourceTree = BUILT_PRODUCTS_DIR; };
		336F2EE42619E6280058930B /* EssentialLearnAppUITests.swift */ = {isa = PBXFileReference; lastKnownFileType = sourcecode.swift; path = EssentialLearnAppUITests.swift; sourceTree = "<group>"; };
		336F2EE62619E6280058930B /* Info.plist */ = {isa = PBXFileReference; lastKnownFileType = text.plist.xml; path = Info.plist; sourceTree = "<group>"; };
/* End PBXFileReference section */

/* Begin PBXFrameworksBuildPhase section */
		336F2EB92619E6260058930B /* Frameworks */ = {
			isa = PBXFrameworksBuildPhase;
			buildActionMask = 2147483647;
			files = (
			);
			runOnlyForDeploymentPostprocessing = 0;
		};
		336F2ED22619E6280058930B /* Frameworks */ = {
			isa = PBXFrameworksBuildPhase;
			buildActionMask = 2147483647;
			files = (
			);
			runOnlyForDeploymentPostprocessing = 0;
		};
		336F2EDD2619E6280058930B /* Frameworks */ = {
			isa = PBXFrameworksBuildPhase;
			buildActionMask = 2147483647;
			files = (
			);
			runOnlyForDeploymentPostprocessing = 0;
		};
/* End PBXFrameworksBuildPhase section */

/* Begin PBXGroup section */
		336F2EB32619E6260058930B = {
			isa = PBXGroup;
			children = (
				336F2EBE2619E6260058930B /* EssentialLearnApp */,
				336F2ED82619E6280058930B /* EssentialLearnAppTests */,
				336F2EE32619E6280058930B /* EssentialLearnAppUITests */,
				336F2EBD2619E6260058930B /* Products */,
			);
			sourceTree = "<group>";
		};
		336F2EBD2619E6260058930B /* Products */ = {
			isa = PBXGroup;
			children = (
				336F2EBC2619E6260058930B /* EssentialLearnApp.app */,
				336F2ED52619E6280058930B /* EssentialLearnAppTests.xctest */,
				336F2EE02619E6280058930B /* EssentialLearnAppUITests.xctest */,
			);
			name = Products;
			sourceTree = "<group>";
		};
		336F2EBE2619E6260058930B /* EssentialLearnApp */ = {
			isa = PBXGroup;
			children = (
				336F2EBF2619E6260058930B /* AppDelegate.swift */,
				336F2EC12619E6260058930B /* SceneDelegate.swift */,
				336F2EC32619E6260058930B /* ViewController.swift */,
				336F2EC52619E6260058930B /* Main.storyboard */,
				336F2ECB2619E6270058930B /* Assets.xcassets */,
				336F2ECD2619E6270058930B /* LaunchScreen.storyboard */,
				336F2ED02619E6270058930B /* Info.plist */,
				336F2EC82619E6260058930B /* EssentialLearnApp.xcdatamodeld */,
			);
			path = EssentialLearnApp;
			sourceTree = "<group>";
		};
		336F2ED82619E6280058930B /* EssentialLearnAppTests */ = {
			isa = PBXGroup;
			children = (
				336F2ED92619E6280058930B /* EssentialLearnAppTests.swift */,
				336F2EDB2619E6280058930B /* Info.plist */,
			);
			path = EssentialLearnAppTests;
			sourceTree = "<group>";
		};
		336F2EE32619E6280058930B /* EssentialLearnAppUITests */ = {
			isa = PBXGroup;
			children = (
				336F2EE42619E6280058930B /* EssentialLearnAppUITests.swift */,
				336F2EE62619E6280058930B /* Info.plist */,
			);
			path = EssentialLearnAppUITests;
			sourceTree = "<group>";
		};
/* End PBXGroup section */

/* Begin PBXNativeTarget section */
		336F2EBB2619E6260058930B /* EssentialLearnApp */ = {
			isa = PBXNativeTarget;
			buildConfigurationList = 336F2EE92619E6280058930B /* Build configuration list for PBXNativeTarget "EssentialLearnApp" */;
			buildPhases = (
				336F2EB82619E6260058930B /* Sources */,
				336F2EB92619E6260058930B /* Frameworks */,
				336F2EBA2619E6260058930B /* Resources */,
			);
			buildRules = (
			);
			dependencies = (
			);
			name = EssentialLearnApp;
			productName = EssentialLearnApp;
			productReference = 336F2EBC2619E6260058930B /* EssentialLearnApp.app */;
			productType = "com.apple.product-type.application";
		};
		336F2ED42619E6280058930B /* EssentialLearnAppTests */ = {
			isa = PBXNativeTarget;
			buildConfigurationList = 336F2EEC2619E6280058930B /* Build configuration list for PBXNativeTarget "EssentialLearnAppTests" */;
			buildPhases = (
				336F2ED12619E6280058930B /* Sources */,
				336F2ED22619E6280058930B /* Frameworks */,
				336F2ED32619E6280058930B /* Resources */,
			);
			buildRules = (
			);
			dependencies = (
				336F2ED72619E6280058930B /* PBXTargetDependency */,
			);
			name = EssentialLearnAppTests;
			productName = EssentialLearnAppTests;
			productReference = 336F2ED52619E6280058930B /* EssentialLearnAppTests.xctest */;
			productType = "com.apple.product-type.bundle.unit-test";
		};
		336F2EDF2619E6280058930B /* EssentialLearnAppUITests */ = {
			isa = PBXNativeTarget;
			buildConfigurationList = 336F2EEF2619E6280058930B /* Build configuration list for PBXNativeTarget "EssentialLearnAppUITests" */;
			buildPhases = (
				336F2EDC2619E6280058930B /* Sources */,
				336F2EDD2619E6280058930B /* Frameworks */,
				336F2EDE2619E6280058930B /* Resources */,
			);
			buildRules = (
			);
			dependencies = (
				336F2EE22619E6280058930B /* PBXTargetDependency */,
			);
			name = EssentialLearnAppUITests;
			productName = EssentialLearnAppUITests;
			productReference = 336F2EE02619E6280058930B /* EssentialLearnAppUITests.xctest */;
			productType = "com.apple.product-type.bundle.ui-testing";
		};
/* End PBXNativeTarget section */

/* Begin PBXProject section */
		336F2EB42619E6260058930B /* Project object */ = {
			isa = PBXProject;
			attributes = {
				LastSwiftUpdateCheck = 1230;
				LastUpgradeCheck = 1230;
				TargetAttributes = {
					336F2EBB2619E6260058930B = {
						CreatedOnToolsVersion = 12.3;
					};
					336F2ED42619E6280058930B = {
						CreatedOnToolsVersion = 12.3;
						TestTargetID = 336F2EBB2619E6260058930B;
					};
					336F2EDF2619E6280058930B = {
						CreatedOnToolsVersion = 12.3;
						TestTargetID = 336F2EBB2619E6260058930B;
					};
				};
			};
			buildConfigurationList = 336F2EB72619E6260058930B /* Build configuration list for PBXProject "EssentialLearnApp" */;
			compatibilityVersion = "Xcode 9.3";
			developmentRegion = en;
			hasScannedForEncodings = 0;
			knownRegions = (
				en,
				Base,
			);
			mainGroup = 336F2EB32619E6260058930B;
			productRefGroup = 336F2EBD2619E6260058930B /* Products */;
			projectDirPath = "";
			projectRoot = "";
			targets = (
				336F2EBB2619E6260058930B /* EssentialLearnApp */,
				336F2ED42619E6280058930B /* EssentialLearnAppTests */,
				336F2EDF2619E6280058930B /* EssentialLearnAppUITests */,
			);
		};
/* End PBXProject section */

/* Begin PBXResourcesBuildPhase section */
		336F2EBA2619E6260058930B /* Resources */ = {
			isa = PBXResourcesBuildPhase;
			buildActionMask = 2147483647;
			files = (
				336F2ECF2619E6270058930B /* LaunchScreen.storyboard in Resources */,
				336F2ECC2619E6270058930B /* Assets.xcassets in Resources */,
				336F2EC72619E6260058930B /* Main.storyboard in Resources */,
			);
			runOnlyForDeploymentPostprocessing = 0;
		};
		336F2ED32619E6280058930B /* Resources */ = {
			isa = PBXResourcesBuildPhase;
			buildActionMask = 2147483647;
			files = (
			);
			runOnlyForDeploymentPostprocessing = 0;
		};
		336F2EDE2619E6280058930B /* Resources */ = {
			isa = PBXResourcesBuildPhase;
			buildActionMask = 2147483647;
			files = (
			);
			runOnlyForDeploymentPostprocessing = 0;
		};
/* End PBXResourcesBuildPhase section */

/* Begin PBXSourcesBuildPhase section */
		336F2EB82619E6260058930B /* Sources */ = {
			isa = PBXSourcesBuildPhase;
			buildActionMask = 2147483647;
			files = (
				336F2EC42619E6260058930B /* ViewController.swift in Sources */,
				336F2ECA2619E6260058930B /* EssentialLearnApp.xcdatamodeld in Sources */,
				336F2EC02619E6260058930B /* AppDelegate.swift in Sources */,
				336F2EC22619E6260058930B /* SceneDelegate.swift in Sources */,
			);
			runOnlyForDeploymentPostprocessing = 0;
		};
		336F2ED12619E6280058930B /* Sources */ = {
			isa = PBXSourcesBuildPhase;
			buildActionMask = 2147483647;
			files = (
				336F2EDA2619E6280058930B /* EssentialLearnAppTests.swift in Sources */,
			);
			runOnlyForDeploymentPostprocessing = 0;
		};
		336F2EDC2619E6280058930B /* Sources */ = {
			isa = PBXSourcesBuildPhase;
			buildActionMask = 2147483647;
			files = (
				336F2EE52619E6280058930B /* EssentialLearnAppUITests.swift in Sources */,
			);
			runOnlyForDeploymentPostprocessing = 0;
		};
/* End PBXSourcesBuildPhase section */

/* Begin PBXTargetDependency section */
		336F2ED72619E6280058930B /* PBXTargetDependency */ = {
			isa = PBXTargetDependency;
			target = 336F2EBB2619E6260058930B /* EssentialLearnApp */;
			targetProxy = 336F2ED62619E6280058930B /* PBXContainerItemProxy */;
		};
		336F2EE22619E6280058930B /* PBXTargetDependency */ = {
			isa = PBXTargetDependency;
			target = 336F2EBB2619E6260058930B /* EssentialLearnApp */;
			targetProxy = 336F2EE12619E6280058930B /* PBXContainerItemProxy */;
		};
/* End PBXTargetDependency section */

/* Begin PBXVariantGroup section */
		336F2EC52619E6260058930B /* Main.storyboard */ = {
			isa = PBXVariantGroup;
			children = (
				336F2EC62619E6260058930B /* Base */,
			);
			name = Main.storyboard;
			sourceTree = "<group>";
		};
		336F2ECD2619E6270058930B /* LaunchScreen.storyboard */ = {
			isa = PBXVariantGroup;
			children = (
				336F2ECE2619E6270058930B /* Base */,
			);
			name = LaunchScreen.storyboard;
			sourceTree = "<group>";
		};
/* End PBXVariantGroup section */

/* Begin XCBuildConfiguration section */
		336F2EE72619E6280058930B /* Debug */ = {
			isa = XCBuildConfiguration;
			buildSettings = {
				ALWAYS_SEARCH_USER_PATHS = NO;
				CLANG_ANALYZER_NONNULL = YES;
				CLANG_ANALYZER_NUMBER_OBJECT_CONVERSION = YES_AGGRESSIVE;
				CLANG_CXX_LANGUAGE_STANDARD = "gnu++14";
				CLANG_CXX_LIBRARY = "libc++";
				CLANG_ENABLE_MODULES = YES;
				CLANG_ENABLE_OBJC_ARC = YES;
				CLANG_ENABLE_OBJC_WEAK = YES;
				CLANG_WARN_BLOCK_CAPTURE_AUTORELEASING = YES;
				CLANG_WARN_BOOL_CONVERSION = YES;
				CLANG_WARN_COMMA = YES;
				CLANG_WARN_CONSTANT_CONVERSION = YES;
				CLANG_WARN_DEPRECATED_OBJC_IMPLEMENTATIONS = YES;
				CLANG_WARN_DIRECT_OBJC_ISA_USAGE = YES_ERROR;
				CLANG_WARN_DOCUMENTATION_COMMENTS = YES;
				CLANG_WARN_EMPTY_BODY = YES;
				CLANG_WARN_ENUM_CONVERSION = YES;
				CLANG_WARN_INFINITE_RECURSION = YES;
				CLANG_WARN_INT_CONVERSION = YES;
				CLANG_WARN_NON_LITERAL_NULL_CONVERSION = YES;
				CLANG_WARN_OBJC_IMPLICIT_RETAIN_SELF = YES;
				CLANG_WARN_OBJC_LITERAL_CONVERSION = YES;
				CLANG_WARN_OBJC_ROOT_CLASS = YES_ERROR;
				CLANG_WARN_QUOTED_INCLUDE_IN_FRAMEWORK_HEADER = YES;
				CLANG_WARN_RANGE_LOOP_ANALYSIS = YES;
				CLANG_WARN_STRICT_PROTOTYPES = YES;
				CLANG_WARN_SUSPICIOUS_MOVE = YES;
				CLANG_WARN_UNGUARDED_AVAILABILITY = YES_AGGRESSIVE;
				CLANG_WARN_UNREACHABLE_CODE = YES;
				CLANG_WARN__DUPLICATE_METHOD_MATCH = YES;
				COPY_PHASE_STRIP = NO;
				DEBUG_INFORMATION_FORMAT = dwarf;
				ENABLE_STRICT_OBJC_MSGSEND = YES;
				ENABLE_TESTABILITY = YES;
				GCC_C_LANGUAGE_STANDARD = gnu11;
				GCC_DYNAMIC_NO_PIC = NO;
				GCC_NO_COMMON_BLOCKS = YES;
				GCC_OPTIMIZATION_LEVEL = 0;
				GCC_PREPROCESSOR_DEFINITIONS = (
					"DEBUG=1",
					"$(inherited)",
				);
				GCC_WARN_64_TO_32_BIT_CONVERSION = YES;
				GCC_WARN_ABOUT_RETURN_TYPE = YES_ERROR;
				GCC_WARN_UNDECLARED_SELECTOR = YES;
				GCC_WARN_UNINITIALIZED_AUTOS = YES_AGGRESSIVE;
				GCC_WARN_UNUSED_FUNCTION = YES;
				GCC_WARN_UNUSED_VARIABLE = YES;
				IPHONEOS_DEPLOYMENT_TARGET = 14.3;
				MTL_ENABLE_DEBUG_INFO = INCLUDE_SOURCE;
				MTL_FAST_MATH = YES;
				ONLY_ACTIVE_ARCH = YES;
				SDKROOT = iphoneos;
				SWIFT_ACTIVE_COMPILATION_CONDITIONS = DEBUG;
				SWIFT_OPTIMIZATION_LEVEL = "-Onone";
			};
			name = Debug;
		};
		336F2EE82619E6280058930B /* Release */ = {
			isa = XCBuildConfiguration;
			buildSettings = {
				ALWAYS_SEARCH_USER_PATHS = NO;
				CLANG_ANALYZER_NONNULL = YES;
				CLANG_ANALYZER_NUMBER_OBJECT_CONVERSION = YES_AGGRESSIVE;
				CLANG_CXX_LANGUAGE_STANDARD = "gnu++14";
				CLANG_CXX_LIBRARY = "libc++";
				CLANG_ENABLE_MODULES = YES;
				CLANG_ENABLE_OBJC_ARC = YES;
				CLANG_ENABLE_OBJC_WEAK = YES;
				CLANG_WARN_BLOCK_CAPTURE_AUTORELEASING = YES;
				CLANG_WARN_BOOL_CONVERSION = YES;
				CLANG_WARN_COMMA = YES;
				CLANG_WARN_CONSTANT_CONVERSION = YES;
				CLANG_WARN_DEPRECATED_OBJC_IMPLEMENTATIONS = YES;
				CLANG_WARN_DIRECT_OBJC_ISA_USAGE = YES_ERROR;
				CLANG_WARN_DOCUMENTATION_COMMENTS = YES;
				CLANG_WARN_EMPTY_BODY = YES;
				CLANG_WARN_ENUM_CONVERSION = YES;
				CLANG_WARN_INFINITE_RECURSION = YES;
				CLANG_WARN_INT_CONVERSION = YES;
				CLANG_WARN_NON_LITERAL_NULL_CONVERSION = YES;
				CLANG_WARN_OBJC_IMPLICIT_RETAIN_SELF = YES;
				CLANG_WARN_OBJC_LITERAL_CONVERSION = YES;
				CLANG_WARN_OBJC_ROOT_CLASS = YES_ERROR;
				CLANG_WARN_QUOTED_INCLUDE_IN_FRAMEWORK_HEADER = YES;
				CLANG_WARN_RANGE_LOOP_ANALYSIS = YES;
				CLANG_WARN_STRICT_PROTOTYPES = YES;
				CLANG_WARN_SUSPICIOUS_MOVE = YES;
				CLANG_WARN_UNGUARDED_AVAILABILITY = YES_AGGRESSIVE;
				CLANG_WARN_UNREACHABLE_CODE = YES;
				CLANG_WARN__DUPLICATE_METHOD_MATCH = YES;
				COPY_PHASE_STRIP = NO;
				DEBUG_INFORMATION_FORMAT = "dwarf-with-dsym";
				ENABLE_NS_ASSERTIONS = NO;
				ENABLE_STRICT_OBJC_MSGSEND = YES;
				GCC_C_LANGUAGE_STANDARD = gnu11;
				GCC_NO_COMMON_BLOCKS = YES;
				GCC_WARN_64_TO_32_BIT_CONVERSION = YES;
				GCC_WARN_ABOUT_RETURN_TYPE = YES_ERROR;
				GCC_WARN_UNDECLARED_SELECTOR = YES;
				GCC_WARN_UNINITIALIZED_AUTOS = YES_AGGRESSIVE;
				GCC_WARN_UNUSED_FUNCTION = YES;
				GCC_WARN_UNUSED_VARIABLE = YES;
				IPHONEOS_DEPLOYMENT_TARGET = 14.3;
				MTL_ENABLE_DEBUG_INFO = NO;
				MTL_FAST_MATH = YES;
				SDKROOT = iphoneos;
				SWIFT_COMPILATION_MODE = wholemodule;
				SWIFT_OPTIMIZATION_LEVEL = "-O";
				VALIDATE_PRODUCT = YES;
			};
			name = Release;
		};
		336F2EEA2619E6280058930B /* Debug */ = {
			isa = XCBuildConfiguration;
			buildSettings = {
				ASSETCATALOG_COMPILER_APPICON_NAME = AppIcon;
				ASSETCATALOG_COMPILER_GLOBAL_ACCENT_COLOR_NAME = AccentColor;
				CODE_SIGN_STYLE = Automatic;
				DEVELOPMENT_TEAM = VXC5SDDAKJ;
				INFOPLIST_FILE = EssentialLearnApp/Info.plist;
				LD_RUNPATH_SEARCH_PATHS = (
					"$(inherited)",
					"@executable_path/Frameworks",
				);
				PRODUCT_BUNDLE_IDENTIFIER = com.samsclub.virtualTryOn.EssentialLearnApp;
				PRODUCT_NAME = "$(TARGET_NAME)";
				SWIFT_VERSION = 5.0;
				TARGETED_DEVICE_FAMILY = "1,2";
			};
			name = Debug;
		};
		336F2EEB2619E6280058930B /* Release */ = {
			isa = XCBuildConfiguration;
			buildSettings = {
				ASSETCATALOG_COMPILER_APPICON_NAME = AppIcon;
				ASSETCATALOG_COMPILER_GLOBAL_ACCENT_COLOR_NAME = AccentColor;
				CODE_SIGN_STYLE = Automatic;
				DEVELOPMENT_TEAM = VXC5SDDAKJ;
				INFOPLIST_FILE = EssentialLearnApp/Info.plist;
				LD_RUNPATH_SEARCH_PATHS = (
					"$(inherited)",
					"@executable_path/Frameworks",
				);
				PRODUCT_BUNDLE_IDENTIFIER = com.samsclub.virtualTryOn.EssentialLearnApp;
				PRODUCT_NAME = "$(TARGET_NAME)";
				SWIFT_VERSION = 5.0;
				TARGETED_DEVICE_FAMILY = "1,2";
			};
			name = Release;
		};
		336F2EED2619E6280058930B /* Debug */ = {
			isa = XCBuildConfiguration;
			buildSettings = {
				ALWAYS_EMBED_SWIFT_STANDARD_LIBRARIES = YES;
				BUNDLE_LOADER = "$(TEST_HOST)";
				CODE_SIGN_STYLE = Automatic;
				DEVELOPMENT_TEAM = VXC5SDDAKJ;
				INFOPLIST_FILE = EssentialLearnAppTests/Info.plist;
				IPHONEOS_DEPLOYMENT_TARGET = 14.3;
				LD_RUNPATH_SEARCH_PATHS = (
					"$(inherited)",
					"@executable_path/Frameworks",
					"@loader_path/Frameworks",
				);
				PRODUCT_BUNDLE_IDENTIFIER = com.samsclub.virtualTryOn.EssentialLearnAppTests;
				PRODUCT_NAME = "$(TARGET_NAME)";
				SWIFT_VERSION = 5.0;
				TARGETED_DEVICE_FAMILY = "1,2";
				TEST_HOST = "$(BUILT_PRODUCTS_DIR)/EssentialLearnApp.app/EssentialLearnApp";
			};
			name = Debug;
		};
		336F2EEE2619E6280058930B /* Release */ = {
			isa = XCBuildConfiguration;
			buildSettings = {
				ALWAYS_EMBED_SWIFT_STANDARD_LIBRARIES = YES;
				BUNDLE_LOADER = "$(TEST_HOST)";
				CODE_SIGN_STYLE = Automatic;
				DEVELOPMENT_TEAM = VXC5SDDAKJ;
				INFOPLIST_FILE = EssentialLearnAppTests/Info.plist;
				IPHONEOS_DEPLOYMENT_TARGET = 14.3;
				LD_RUNPATH_SEARCH_PATHS = (
					"$(inherited)",
					"@executable_path/Frameworks",
					"@loader_path/Frameworks",
				);
				PRODUCT_BUNDLE_IDENTIFIER = com.samsclub.virtualTryOn.EssentialLearnAppTests;
				PRODUCT_NAME = "$(TARGET_NAME)";
				SWIFT_VERSION = 5.0;
				TARGETED_DEVICE_FAMILY = "1,2";
				TEST_HOST = "$(BUILT_PRODUCTS_DIR)/EssentialLearnApp.app/EssentialLearnApp";
			};
			name = Release;
		};
		336F2EF02619E6280058930B /* Debug */ = {
			isa = XCBuildConfiguration;
			buildSettings = {
				ALWAYS_EMBED_SWIFT_STANDARD_LIBRARIES = YES;
				CODE_SIGN_STYLE = Automatic;
				DEVELOPMENT_TEAM = VXC5SDDAKJ;
				INFOPLIST_FILE = EssentialLearnAppUITests/Info.plist;
				LD_RUNPATH_SEARCH_PATHS = (
					"$(inherited)",
					"@executable_path/Frameworks",
					"@loader_path/Frameworks",
				);
				PRODUCT_BUNDLE_IDENTIFIER = com.samsclub.virtualTryOn.EssentialLearnAppUITests;
				PRODUCT_NAME = "$(TARGET_NAME)";
				SWIFT_VERSION = 5.0;
				TARGETED_DEVICE_FAMILY = "1,2";
				TEST_TARGET_NAME = EssentialLearnApp;
			};
			name = Debug;
		};
		336F2EF12619E6280058930B /* Release */ = {
			isa = XCBuildConfiguration;
			buildSettings = {
				ALWAYS_EMBED_SWIFT_STANDARD_LIBRARIES = YES;
				CODE_SIGN_STYLE = Automatic;
				DEVELOPMENT_TEAM = VXC5SDDAKJ;
				INFOPLIST_FILE = EssentialLearnAppUITests/Info.plist;
				LD_RUNPATH_SEARCH_PATHS = (
					"$(inherited)",
					"@executable_path/Frameworks",
					"@loader_path/Frameworks",
				);
				PRODUCT_BUNDLE_IDENTIFIER = com.samsclub.virtualTryOn.EssentialLearnAppUITests;
				PRODUCT_NAME = "$(TARGET_NAME)";
				SWIFT_VERSION = 5.0;
				TARGETED_DEVICE_FAMILY = "1,2";
				TEST_TARGET_NAME = EssentialLearnApp;
			};
			name = Release;
		};
/* End XCBuildConfiguration section */

/* Begin XCConfigurationList section */
		336F2EB72619E6260058930B /* Build configuration list for PBXProject "EssentialLearnApp" */ = {
			isa = XCConfigurationList;
			buildConfigurations = (
				336F2EE72619E6280058930B /* Debug */,
				336F2EE82619E6280058930B /* Release */,
			);
			defaultConfigurationIsVisible = 0;
			defaultConfigurationName = Release;
		};
		336F2EE92619E6280058930B /* Build configuration list for PBXNativeTarget "EssentialLearnApp" */ = {
			isa = XCConfigurationList;
			buildConfigurations = (
				336F2EEA2619E6280058930B /* Debug */,
				336F2EEB2619E6280058930B /* Release */,
			);
			defaultConfigurationIsVisible = 0;
			defaultConfigurationName = Release;
		};
		336F2EEC2619E6280058930B /* Build configuration list for PBXNativeTarget "EssentialLearnAppTests" */ = {
			isa = XCConfigurationList;
			buildConfigurations = (
				336F2EED2619E6280058930B /* Debug */,
				336F2EEE2619E6280058930B /* Release */,
			);
			defaultConfigurationIsVisible = 0;
			defaultConfigurationName = Release;
		};
		336F2EEF2619E6280058930B /* Build configuration list for PBXNativeTarget "EssentialLearnAppUITests" */ = {
			isa = XCConfigurationList;
			buildConfigurations = (
				336F2EF02619E6280058930B /* Debug */,
				336F2EF12619E6280058930B /* Release */,
			);
			defaultConfigurationIsVisible = 0;
			defaultConfigurationName = Release;
		};
/* End XCConfigurationList section */

/* Begin XCVersionGroup section */
		336F2EC82619E6260058930B /* EssentialLearnApp.xcdatamodeld */ = {
			isa = XCVersionGroup;
			children = (
				336F2EC92619E6260058930B /* EssentialLearnApp.xcdatamodel */,
			);
			currentVersion = 336F2EC92619E6260058930B /* EssentialLearnApp.xcdatamodel */;
			path = EssentialLearnApp.xcdatamodeld;
			sourceTree = "<group>";
			versionGroupType = wrapper.xcdatamodel;
		};
/* End XCVersionGroup section */
	};
	rootObject = 336F2EB42619E6260058930B /* Project object */;
}
